
Microsoft Visual Studio Solution File, Format Version 12.00
# Visual Studio 15
VisualStudioVersion = 15.0.26124.0
MinimumVisualStudioVersion = 15.0.26124.0
Project("{FAE04EC0-301F-11D3-BF4B-00C04F79EFBC}") = "Goodnight.Service.Api", "GoodNight.Service.Api\Goodnight.Service.Api.csproj", "{30ADF4F0-C1D0-4D3C-9CFB-C5FD70155EAE}"
EndProject
Global
	GlobalSection(SolutionConfigurationPlatforms) = preSolution
		Debug|Any CPU = Debug|Any CPU
		Release|Any CPU = Release|Any CPU
	EndGlobalSection
	GlobalSection(SolutionProperties) = preSolution
		HideSolutionNode = FALSE
	EndGlobalSection
	GlobalSection(ProjectConfigurationPlatforms) = postSolution
		{30ADF4F0-C1D0-4D3C-9CFB-C5FD70155EAE}.Debug|Any CPU.ActiveCfg = Debug|Any CPU
		{30ADF4F0-C1D0-4D3C-9CFB-C5FD70155EAE}.Debug|Any CPU.Build.0 = Debug|Any CPU
		{30ADF4F0-C1D0-4D3C-9CFB-C5FD70155EAE}.Release|Any CPU.ActiveCfg = Release|Any CPU
		{30ADF4F0-C1D0-4D3C-9CFB-C5FD70155EAE}.Release|Any CPU.Build.0 = Release|Any CPU
	EndGlobalSection
EndGlobal
